// !$*UTF8*$!
{
	archiveVersion = 1;
	classes = {
	};
	objectVersion = 50;
	objects = {

/* Begin PBXBuildFile section */
		1E59F78B20DCB5D900F683C7 /* AppDelegate.m in Sources */ = {isa = PBXBuildFile; fileRef = 1E59F78A20DCB5D900F683C7 /* AppDelegate.m */; };
		1E59F78E20DCB5D900F683C7 /* ViewController.m in Sources */ = {isa = PBXBuildFile; fileRef = 1E59F78D20DCB5D900F683C7 /* ViewController.m */; };
		1E59F79120DCB5D900F683C7 /* Main.storyboard in Resources */ = {isa = PBXBuildFile; fileRef = 1E59F78F20DCB5D900F683C7 /* Main.storyboard */; };
		1E59F79320DCB5D900F683C7 /* Assets.xcassets in Resources */ = {isa = PBXBuildFile; fileRef = 1E59F79220DCB5D900F683C7 /* Assets.xcassets */; };
		1E59F79620DCB5D900F683C7 /* LaunchScreen.storyboard in Resources */ = {isa = PBXBuildFile; fileRef = 1E59F79420DCB5D900F683C7 /* LaunchScreen.storyboard */; };
		1E59F79920DCB5D900F683C7 /* main.m in Sources */ = {isa = PBXBuildFile; fileRef = 1E59F79820DCB5D900F683C7 /* main.m */; };
		7938155A2E272F3102A651EA /* libPods-GTPrintPodDemo.a in Frameworks */ = {isa = PBXBuildFile; fileRef = 113F56A547889C79F2DCA24C /* libPods-GTPrintPodDemo.a */; };
/* End PBXBuildFile section */

/* Begin PBXFileReference section */
		113F56A547889C79F2DCA24C /* libPods-GTPrintPodDemo.a */ = {isa = PBXFileReference; explicitFileType = archive.ar; includeInIndex = 0; path = "libPods-GTPrintPodDemo.a"; sourceTree = BUILT_PRODUCTS_DIR; };
		1E59F78620DCB5D900F683C7 /* GTPrintPodDemo.app */ = {isa = PBXFileReference; explicitFileType = wrapper.application; includeInIndex = 0; path = GTPrintPodDemo.app; sourceTree = BUILT_PRODUCTS_DIR; };
		1E59F78920DCB5D900F683C7 /* AppDelegate.h */ = {isa = PBXFileReference; lastKnownFileType = sourcecode.c.h; path = AppDelegate.h; sourceTree = "<group>"; };
		1E59F78A20DCB5D900F683C7 /* AppDelegate.m */ = {isa = PBXFileReference; lastKnownFileType = sourcecode.c.objc; path = AppDelegate.m; sourceTree = "<group>"; };
		1E59F78C20DCB5D900F683C7 /* ViewController.h */ = {isa = PBXFileReference; lastKnownFileType = sourcecode.c.h; path = ViewController.h; sourceTree = "<group>"; };
		1E59F78D20DCB5D900F683C7 /* ViewController.m */ = {isa = PBXFileReference; lastKnownFileType = sourcecode.c.objc; path = ViewController.m; sourceTree = "<group>"; };
		1E59F79020DCB5D900F683C7 /* Base */ = {isa = PBXFileReference; lastKnownFileType = file.storyboard; name = Base; path = Base.lproj/Main.storyboard; sourceTree = "<group>"; };
		1E59F79220DCB5D900F683C7 /* Assets.xcassets */ = {isa = PBXFileReference; lastKnownFileType = folder.assetcatalog; path = Assets.xcassets; sourceTree = "<group>"; };
		1E59F79520DCB5D900F683C7 /* Base */ = {isa = PBXFileReference; lastKnownFileType = file.storyboard; name = Base; path = Base.lproj/LaunchScreen.storyboard; sourceTree = "<group>"; };
		1E59F79720DCB5D900F683C7 /* Info.plist */ = {isa = PBXFileReference; lastKnownFileType = text.plist.xml; path = Info.plist; sourceTree = "<group>"; };
		1E59F79820DCB5D900F683C7 /* main.m */ = {isa = PBXFileReference; lastKnownFileType = sourcecode.c.objc; path = main.m; sourceTree = "<group>"; };
		453FC6B60E7FB84DFBD4FCC7 /* Pods-GTPrintPodDemo.release.xcconfig */ = {isa = PBXFileReference; includeInIndex = 1; lastKnownFileType = text.xcconfig; name = "Pods-GTPrintPodDemo.release.xcconfig"; path = "Pods/Target Support Files/Pods-GTPrintPodDemo/Pods-GTPrintPodDemo.release.xcconfig"; sourceTree = "<group>"; };
		A6D87AF7117E1F541E1EBCB0 /* Pods-GTPrintPodDemo.debug.xcconfig */ = {isa = PBXFileReference; includeInIndex = 1; lastKnownFileType = text.xcconfig; name = "Pods-GTPrintPodDemo.debug.xcconfig"; path = "Pods/Target Support Files/Pods-GTPrintPodDemo/Pods-GTPrintPodDemo.debug.xcconfig"; sourceTree = "<group>"; };
/* End PBXFileReference section */

/* Begin PBXFrameworksBuildPhase section */
		1E59F78320DCB5D900F683C7 /* Frameworks */ = {
			isa = PBXFrameworksBuildPhase;
			buildActionMask = 2147483647;
			files = (
				7938155A2E272F3102A651EA /* libPods-GTPrintPodDemo.a in Frameworks */,
			);
			runOnlyForDeploymentPostprocessing = 0;
		};
/* End PBXFrameworksBuildPhase section */

/* Begin PBXGroup section */
		1E59F77D20DCB5D900F683C7 = {
			isa = PBXGroup;
			children = (
				1E59F78820DCB5D900F683C7 /* GTPrintPodDemo */,
				1E59F78720DCB5D900F683C7 /* Products */,
				EA51A5CD353BD4622A87E17A /* Pods */,
				57BE8B85A4D48166AED17A39 /* Frameworks */,
			);
			sourceTree = "<group>";
		};
		1E59F78720DCB5D900F683C7 /* Products */ = {
			isa = PBXGroup;
			children = (
				1E59F78620DCB5D900F683C7 /* GTPrintPodDemo.app */,
			);
			name = Products;
			sourceTree = "<group>";
		};
		1E59F78820DCB5D900F683C7 /* GTPrintPodDemo */ = {
			isa = PBXGroup;
			children = (
				1E59F78920DCB5D900F683C7 /* AppDelegate.h */,
				1E59F78A20DCB5D900F683C7 /* AppDelegate.m */,
				1E59F78C20DCB5D900F683C7 /* ViewController.h */,
				1E59F78D20DCB5D900F683C7 /* ViewController.m */,
				1E59F78F20DCB5D900F683C7 /* Main.storyboard */,
				1E59F79220DCB5D900F683C7 /* Assets.xcassets */,
				1E59F79420DCB5D900F683C7 /* LaunchScreen.storyboard */,
				1E59F79720DCB5D900F683C7 /* Info.plist */,
				1E59F79820DCB5D900F683C7 /* main.m */,
			);
			path = GTPrintPodDemo;
			sourceTree = "<group>";
		};
		57BE8B85A4D48166AED17A39 /* Frameworks */ = {
			isa = PBXGroup;
			children = (
				113F56A547889C79F2DCA24C /* libPods-GTPrintPodDemo.a */,
			);
			name = Frameworks;
			sourceTree = "<group>";
		};
		EA51A5CD353BD4622A87E17A /* Pods */ = {
			isa = PBXGroup;
			children = (
				A6D87AF7117E1F541E1EBCB0 /* Pods-GTPrintPodDemo.debug.xcconfig */,
				453FC6B60E7FB84DFBD4FCC7 /* Pods-GTPrintPodDemo.release.xcconfig */,
			);
			name = Pods;
			sourceTree = "<group>";
		};
/* End PBXGroup section */

/* Begin PBXNativeTarget section */
		1E59F78520DCB5D900F683C7 /* GTPrintPodDemo */ = {
			isa = PBXNativeTarget;
			buildConfigurationList = 1E59F79C20DCB5D900F683C7 /* Build configuration list for PBXNativeTarget "GTPrintPodDemo" */;
			buildPhases = (
				BA64A42D12E3DEAE632BF446 /* [CP] Check Pods Manifest.lock */,
				1E59F78220DCB5D900F683C7 /* Sources */,
				1E59F78320DCB5D900F683C7 /* Frameworks */,
				1E59F78420DCB5D900F683C7 /* Resources */,
				A5C1B1D9B47A3E54BE4D3F52 /* [CP] Embed Pods Frameworks */,
				7525FC81FF53FBB436D74B73 /* [CP] Copy Pods Resources */,
			);
			buildRules = (
			);
			dependencies = (
			);
			name = GTPrintPodDemo;
			productName = GTPrintPodDemo;
			productReference = 1E59F78620DCB5D900F683C7 /* GTPrintPodDemo.app */;
			productType = "com.apple.product-type.application";
		};
/* End PBXNativeTarget section */

/* Begin PBXProject section */
		1E59F77E20DCB5D900F683C7 /* Project object */ = {
			isa = PBXProject;
			attributes = {
				LastUpgradeCheck = 0940;
				ORGANIZATIONNAME = EricsYinGroup;
				TargetAttributes = {
					1E59F78520DCB5D900F683C7 = {
						CreatedOnToolsVersion = 9.4;
					};
				};
			};
			buildConfigurationList = 1E59F78120DCB5D900F683C7 /* Build configuration list for PBXProject "GTPrintPodDemo" */;
			compatibilityVersion = "Xcode 9.3";
			developmentRegion = en;
			hasScannedForEncodings = 0;
			knownRegions = (
				en,
				Base,
			);
			mainGroup = 1E59F77D20DCB5D900F683C7;
			productRefGroup = 1E59F78720DCB5D900F683C7 /* Products */;
			projectDirPath = "";
			projectRoot = "";
			targets = (
				1E59F78520DCB5D900F683C7 /* GTPrintPodDemo */,
			);
		};
/* End PBXProject section */

/* Begin PBXResourcesBuildPhase section */
		1E59F78420DCB5D900F683C7 /* Resources */ = {
			isa = PBXResourcesBuildPhase;
			buildActionMask = 2147483647;
			files = (
				1E59F79620DCB5D900F683C7 /* LaunchScreen.storyboard in Resources */,
				1E59F79320DCB5D900F683C7 /* Assets.xcassets in Resources */,
				1E59F79120DCB5D900F683C7 /* Main.storyboard in Resources */,
			);
			runOnlyForDeploymentPostprocessing = 0;
		};
/* End PBXResourcesBuildPhase section */

/* Begin PBXShellScriptBuildPhase section */
		7525FC81FF53FBB436D74B73 /* [CP] Copy Pods Resources */ = {
			isa = PBXShellScriptBuildPhase;
			buildActionMask = 2147483647;
			files = (
			);
			inputPaths = (
				"${SRCROOT}/Pods/Target Support Files/Pods-GTPrintPodDemo/Pods-GTPrintPodDemo-resources.sh",
				"${PODS_ROOT}/GTPrint/GTPrintFramework/SVProgressHUD.bundle",
			);
			name = "[CP] Copy Pods Resources";
			outputPaths = (
				"${TARGET_BUILD_DIR}/${UNLOCALIZED_RESOURCES_FOLDER_PATH}/SVProgressHUD.bundle",
			);
			runOnlyForDeploymentPostprocessing = 0;
			shellPath = /bin/sh;
			shellScript = "\"${SRCROOT}/Pods/Target Support Files/Pods-GTPrintPodDemo/Pods-GTPrintPodDemo-resources.sh\"\n";
			showEnvVarsInLog = 0;
		};
		A5C1B1D9B47A3E54BE4D3F52 /* [CP] Embed Pods Frameworks */ = {
			isa = PBXShellScriptBuildPhase;
			buildActionMask = 2147483647;
			files = (
			);
			inputPaths = (
			);
			name = "[CP] Embed Pods Frameworks";
			outputPaths = (
			);
			runOnlyForDeploymentPostprocessing = 0;
			shellPath = /bin/sh;
			shellScript = "\"${SRCROOT}/Pods/Target Support Files/Pods-GTPrintPodDemo/Pods-GTPrintPodDemo-frameworks.sh\"\n";
			showEnvVarsInLog = 0;
		};
		BA64A42D12E3DEAE632BF446 /* [CP] Check Pods Manifest.lock */ = {
			isa = PBXShellScriptBuildPhase;
			buildActionMask = 2147483647;
			files = (
			);
			inputPaths = (
				"${PODS_PODFILE_DIR_PATH}/Podfile.lock",
				"${PODS_ROOT}/Manifest.lock",
			);
			name = "[CP] Check Pods Manifest.lock";
			outputPaths = (
				"$(DERIVED_FILE_DIR)/Pods-GTPrintPodDemo-checkManifestLockResult.txt",
			);
			runOnlyForDeploymentPostprocessing = 0;
			shellPath = /bin/sh;
			shellScript = "diff \"${PODS_PODFILE_DIR_PATH}/Podfile.lock\" \"${PODS_ROOT}/Manifest.lock\" > /dev/null\nif [ $? != 0 ] ; then\n    # print error to STDERR\n    echo \"error: The sandbox is not in sync with the Podfile.lock. Run 'pod install' or update your CocoaPods installation.\" >&2\n    exit 1\nfi\n# This output is used by Xcode 'outputs' to avoid re-running this script phase.\necho \"SUCCESS\" > \"${SCRIPT_OUTPUT_FILE_0}\"\n";
			showEnvVarsInLog = 0;
		};
/* End PBXShellScriptBuildPhase section */

/* Begin PBXSourcesBuildPhase section */
		1E59F78220DCB5D900F683C7 /* Sources */ = {
			isa = PBXSourcesBuildPhase;
			buildActionMask = 2147483647;
			files = (
				1E59F78E20DCB5D900F683C7 /* ViewController.m in Sources */,
				1E59F79920DCB5D900F683C7 /* main.m in Sources */,
				1E59F78B20DCB5D900F683C7 /* AppDelegate.m in Sources */,
			);
			runOnlyForDeploymentPostprocessing = 0;
		};
/* End PBXSourcesBuildPhase section */

/* Begin PBXVariantGroup section */
		1E59F78F20DCB5D900F683C7 /* Main.storyboard */ = {
			isa = PBXVariantGroup;
			children = (
				1E59F79020DCB5D900F683C7 /* Base */,
			);
			name = Main.storyboard;
			sourceTree = "<group>";
		};
		1E59F79420DCB5D900F683C7 /* LaunchScreen.storyboard */ = {
			isa = PBXVariantGroup;
			children = (
				1E59F79520DCB5D900F683C7 /* Base */,
			);
			name = LaunchScreen.storyboard;
			sourceTree = "<group>";
		};
/* End PBXVariantGroup section */

/* Begin XCBuildConfiguration section */
		1E59F79A20DCB5D900F683C7 /* Debug */ = {
			isa = XCBuildConfiguration;
			buildSettings = {
				ALWAYS_SEARCH_USER_PATHS = NO;
				CLANG_ANALYZER_NONNULL = YES;
				CLANG_ANALYZER_NUMBER_OBJECT_CONVERSION = YES_AGGRESSIVE;
				CLANG_CXX_LANGUAGE_STANDARD = "gnu++14";
				CLANG_CXX_LIBRARY = "libc++";
				CLANG_ENABLE_MODULES = YES;
				CLANG_ENABLE_OBJC_ARC = YES;
				CLANG_ENABLE_OBJC_WEAK = YES;
				CLANG_WARN_BLOCK_CAPTURE_AUTORELEASING = YES;
				CLANG_WARN_BOOL_CONVERSION = YES;
				CLANG_WARN_COMMA = YES;
				CLANG_WARN_CONSTANT_CONVERSION = YES;
				CLANG_WARN_DEPRECATED_OBJC_IMPLEMENTATIONS = YES;
				CLANG_WARN_DIRECT_OBJC_ISA_USAGE = YES_ERROR;
				CLANG_WARN_DOCUMENTATION_COMMENTS = YES;
				CLANG_WARN_EMPTY_BODY = YES;
				CLANG_WARN_ENUM_CONVERSION = YES;
				CLANG_WARN_INFINITE_RECURSION = YES;
				CLANG_WARN_INT_CONVERSION = YES;
				CLANG_WARN_NON_LITERAL_NULL_CONVERSION = YES;
				CLANG_WARN_OBJC_IMPLICIT_RETAIN_SELF = YES;
				CLANG_WARN_OBJC_LITERAL_CONVERSION = YES;
				CLANG_WARN_OBJC_ROOT_CLASS = YES_ERROR;
				CLANG_WARN_RANGE_LOOP_ANALYSIS = YES;
				CLANG_WARN_STRICT_PROTOTYPES = YES;
				CLANG_WARN_SUSPICIOUS_MOVE = YES;
				CLANG_WARN_UNGUARDED_AVAILABILITY = YES_AGGRESSIVE;
				CLANG_WARN_UNREACHABLE_CODE = YES;
				CLANG_WARN__DUPLICATE_METHOD_MATCH = YES;
				CODE_SIGN_IDENTITY = "iPhone Developer";
				COPY_PHASE_STRIP = NO;
				DEBUG_INFORMATION_FORMAT = dwarf;
				ENABLE_STRICT_OBJC_MSGSEND = YES;
				ENABLE_TESTABILITY = YES;
				GCC_C_LANGUAGE_STANDARD = gnu11;
				GCC_DYNAMIC_NO_PIC = NO;
				GCC_NO_COMMON_BLOCKS = YES;
				GCC_OPTIMIZATION_LEVEL = 0;
				GCC_PREPROCESSOR_DEFINITIONS = (
					"DEBUG=1",
					"$(inherited)",
				);
				GCC_WARN_64_TO_32_BIT_CONVERSION = YES;
				GCC_WARN_ABOUT_RETURN_TYPE = YES_ERROR;
				GCC_WARN_UNDECLARED_SELECTOR = YES;
				GCC_WARN_UNINITIALIZED_AUTOS = YES_AGGRESSIVE;
				GCC_WARN_UNUSED_FUNCTION = YES;
				GCC_WARN_UNUSED_VARIABLE = YES;
				IPHONEOS_DEPLOYMENT_TARGET = 11.4;
				MTL_ENABLE_DEBUG_INFO = YES;
				ONLY_ACTIVE_ARCH = YES;
				SDKROOT = iphoneos;
			};
			name = Debug;
		};
		1E59F79B20DCB5D900F683C7 /* Release */ = {
			isa = XCBuildConfiguration;
			buildSettings = {
				ALWAYS_SEARCH_USER_PATHS = NO;
				CLANG_ANALYZER_NONNULL = YES;
				CLANG_ANALYZER_NUMBER_OBJECT_CONVERSION = YES_AGGRESSIVE;
				CLANG_CXX_LANGUAGE_STANDARD = "gnu++14";
				CLANG_CXX_LIBRARY = "libc++";
				CLANG_ENABLE_MODULES = YES;
				CLANG_ENABLE_OBJC_ARC = YES;
				CLANG_ENABLE_OBJC_WEAK = YES;
				CLANG_WARN_BLOCK_CAPTURE_AUTORELEASING = YES;
				CLANG_WARN_BOOL_CONVERSION = YES;
				CLANG_WARN_COMMA = YES;
				CLANG_WARN_CONSTANT_CONVERSION = YES;
				CLANG_WARN_DEPRECATED_OBJC_IMPLEMENTATIONS = YES;
				CLANG_WARN_DIRECT_OBJC_ISA_USAGE = YES_ERROR;
				CLANG_WARN_DOCUMENTATION_COMMENTS = YES;
				CLANG_WARN_EMPTY_BODY = YES;
				CLANG_WARN_ENUM_CONVERSION = YES;
				CLANG_WARN_INFINITE_RECURSION = YES;
				CLANG_WARN_INT_CONVERSION = YES;
				CLANG_WARN_NON_LITERAL_NULL_CONVERSION = YES;
				CLANG_WARN_OBJC_IMPLICIT_RETAIN_SELF = YES;
				CLANG_WARN_OBJC_LITERAL_CONVERSION = YES;
				CLANG_WARN_OBJC_ROOT_CLASS = YES_ERROR;
				CLANG_WARN_RANGE_LOOP_ANALYSIS = YES;
				CLANG_WARN_STRICT_PROTOTYPES = YES;
				CLANG_WARN_SUSPICIOUS_MOVE = YES;
				CLANG_WARN_UNGUARDED_AVAILABILITY = YES_AGGRESSIVE;
				CLANG_WARN_UNREACHABLE_CODE = YES;
				CLANG_WARN__DUPLICATE_METHOD_MATCH = YES;
				CODE_SIGN_IDENTITY = "iPhone Developer";
				COPY_PHASE_STRIP = NO;
				DEBUG_INFORMATION_FORMAT = "dwarf-with-dsym";
				ENABLE_NS_ASSERTIONS = NO;
				ENABLE_STRICT_OBJC_MSGSEND = YES;
				GCC_C_LANGUAGE_STANDARD = gnu11;
				GCC_NO_COMMON_BLOCKS = YES;
				GCC_WARN_64_TO_32_BIT_CONVERSION = YES;
				GCC_WARN_ABOUT_RETURN_TYPE = YES_ERROR;
				GCC_WARN_UNDECLARED_SELECTOR = YES;
				GCC_WARN_UNINITIALIZED_AUTOS = YES_AGGRESSIVE;
				GCC_WARN_UNUSED_FUNCTION = YES;
				GCC_WARN_UNUSED_VARIABLE = YES;
				IPHONEOS_DEPLOYMENT_TARGET = 11.4;
				MTL_ENABLE_DEBUG_INFO = NO;
				SDKROOT = iphoneos;
				VALIDATE_PRODUCT = YES;
			};
			name = Release;
		};
		1E59F79D20DCB5D900F683C7 /* Debug */ = {
			isa = XCBuildConfiguration;
			baseConfigurationReference = A6D87AF7117E1F541E1EBCB0 /* Pods-GTPrintPodDemo.debug.xcconfig */;
			buildSettings = {
				ASSETCATALOG_COMPILER_APPICON_NAME = AppIcon;
				CODE_SIGN_STYLE = Automatic;
				DEVELOPMENT_TEAM = RUMY2P44YY;
				ENABLE_BITCODE = NO;
				INFOPLIST_FILE = GTPrintPodDemo/Info.plist;
				LD_RUNPATH_SEARCH_PATHS = (
					"$(inherited)",
					"@executable_path/Frameworks",
				);
				PRODUCT_BUNDLE_IDENTIFIER = com.EnyLine.GTPrintPodDemo;
				PRODUCT_NAME = "$(TARGET_NAME)";
				TARGETED_DEVICE_FAMILY = "1,2";
			};
			name = Debug;
		};
		1E59F79E20DCB5D900F683C7 /* Release */ = {
			isa = XCBuildConfiguration;
			baseConfigurationReference = 453FC6B60E7FB84DFBD4FCC7 /* Pods-GTPrintPodDemo.release.xcconfig */;
			buildSettings = {
				ASSETCATALOG_COMPILER_APPICON_NAME = AppIcon;
				CODE_SIGN_STYLE = Automatic;
				DEVELOPMENT_TEAM = RUMY2P44YY;
				ENABLE_BITCODE = NO;
				INFOPLIST_FILE = GTPrintPodDemo/Info.plist;
				LD_RUNPATH_SEARCH_PATHS = (
					"$(inherited)",
					"@executable_path/Frameworks",
				);
				PRODUCT_BUNDLE_IDENTIFIER = com.EnyLine.GTPrintPodDemo;
				PRODUCT_NAME = "$(TARGET_NAME)";
				TARGETED_DEVICE_FAMILY = "1,2";
			};
			name = Release;
		};
/* End XCBuildConfiguration section */

/* Begin XCConfigurationList section */
		1E59F78120DCB5D900F683C7 /* Build configuration list for PBXProject "GTPrintPodDemo" */ = {
			isa = XCConfigurationList;
			buildConfigurations = (
				1E59F79A20DCB5D900F683C7 /* Debug */,
				1E59F79B20DCB5D900F683C7 /* Release */,
			);
			defaultConfigurationIsVisible = 0;
			defaultConfigurationName = Release;
		};
		1E59F79C20DCB5D900F683C7 /* Build configuration list for PBXNativeTarget "GTPrintPodDemo" */ = {
			isa = XCConfigurationList;
			buildConfigurations = (
				1E59F79D20DCB5D900F683C7 /* Debug */,
				1E59F79E20DCB5D900F683C7 /* Release */,
			);
			defaultConfigurationIsVisible = 0;
			defaultConfigurationName = Release;
		};
/* End XCConfigurationList section */
	};
	rootObject = 1E59F77E20DCB5D900F683C7 /* Project object */;
}
